{
  "name": "AnalyticsWebService",
  "lockfileVersion": 3,
  "requires": true,
  "packages": {
    "": {
      "dependencies": {
        "@types/serviceworker": "^0.0.82",
        "@types/web": "^0.0.135"
      },
      "devDependencies": {
        "typescript": "^5.3.3"
      }
    },
    "node_modules/@types/serviceworker": {
      "version": "0.0.82",
      "resolved": "https://registry.npmjs.org/@types/serviceworker/-/serviceworker-0.0.82.tgz",
      "integrity": "sha512-JkHWXMbqUd8sAA8yUxEjabRqgm6yn/rjOY2VZeifryu72e/hbQW2MLsvpZvu8vwhkls8AGczw3U2MVKdnayqng=="
    },
    "node_modules/@types/web": {
      "version": "0.0.135",
      "resolved": "https://registry.npmjs.org/@types/web/-/web-0.0.135.tgz",
      "integrity": "sha512-3fNGUqpXzakTUJ9FQVoplG+fpzVn1WhQRz3eIE7dTGY4uI8/ngi9KbAtaK4nrIUk8dAI0qYPMIvq2ydTLYbJyA=="
    },
    "node_modules/typescript": {
      "version": "5.3.3",
      "resolved": "https://registry.npmjs.org/typescript/-/typescript-5.3.3.tgz",
      "integrity": "sha512-pXWcraxM0uxAS+tN0AG/BF2TyqmHO014Z070UsJ+pFvYuRSq8KH8DmWpnbXe0pEPDHXZV3FcAbJkijJ5oNEnWw==",
      "dev": true,
      "bin": {
        "tsc": "bin/tsc",
        "tsserver": "bin/tsserver"
      },
      "engines": {
        "node": ">=14.17"
      }
    }
  }
}
